{
  "name": "@sourceressj2001/quo-quae-magnam",
  "version": "1.0.0",
  "lockfileVersion": 3,
  "requires": true,
  "packages": {
    "": {
      "name": "@sourceressj2001/quo-quae-magnam",
      "version": "1.0.0",
      "license": "MIT",
      "dependencies": {
        "@sourceressj2001/iure-voluptates-ipsam": "^1.0.0",
        "@sourceressj2001/quasi-tenetur-labore": "^1.0.0",
        "@sourceressj2001/voluptatibus-architecto-repudiandae": "^1.0.0"
      }
    },
    "node_modules/@sourceressj2001/iure-voluptates-ipsam": {
      "version": "1.0.0",
      "resolved": "https://registry.npmjs.org/@sourceressj2001/iure-voluptates-ipsam/-/iure-voluptates-ipsam-1.0.0.tgz",
      "integrity": "sha512-EoBmTtvILcvaXy2nUQ9nxRRKqv+HxEp2OW+zXg0PXeKJrlxeFaYrQsyvUa26fIWkQYzrgt0+f7Im6BTcVVM5rQ==",
      "dependencies": {
        "@sourceressj2001/quasi-tenetur-labore": "^1.0.0",
        "@sourceressj2001/voluptatibus-architecto-repudiandae": "^1.0.0"
      }
    },
    "node_modules/@sourceressj2001/quasi-tenetur-labore": {
      "version": "1.0.0",
      "resolved": "https://registry.npmjs.org/@sourceressj2001/quasi-tenetur-labore/-/quasi-tenetur-labore-1.0.0.tgz",
      "integrity": "sha512-e/zh3IOLMak7Wxjgh7tUXQdZ9KgprcUir55NwCbSC58/IlrxzWicCcITNwttMOqgKkJfZWx9PmFABwzUQuWwxQ==",
      "dependencies": {
        "@sourceressj2001/voluptatibus-architecto-repudiandae": "^1.0.0"
      }
    },
    "node_modules/@sourceressj2001/voluptatibus-architecto-repudiandae": {
      "version": "1.0.0",
      "resolved": "https://registry.npmjs.org/@sourceressj2001/voluptatibus-architecto-repudiandae/-/voluptatibus-architecto-repudiandae-1.0.0.tgz",
      "integrity": "sha512-bQUkbg4Kv5rj0VGl+tHIJi9EBDItRAtkwAHiAzCBRiWkX+J8U9EzaYeKJrSvp4E6EpyDfSkLkcHqGzrqT4GuDg=="
    }
  }
}
